
Microsoft Visual Studio Solution File, Format Version 12.00
# Visual Studio Version 17
VisualStudioVersion = 17.2.32630.192
MinimumVisualStudioVersion = 10.0.40219.1
Project("{FAE04EC0-301F-11D3-BF4B-00C04F79EFBC}") = "Práctica 1 Ejercicio 2", "\disc\personal\Práctica 1 Ejercicio 2\Práctica 1 Ejercicio 2\Práctica 1 Ejercicio 2.csproj", "{571BA102-226C-4683-8F0C-CC1B16616E2A}"
EndProject
Global
	GlobalSection(SolutionConfigurationPlatforms) = preSolution
		Debug|Any CPU = Debug|Any CPU
		Release|Any CPU = Release|Any CPU
	EndGlobalSection
	GlobalSection(ProjectConfigurationPlatforms) = postSolution
		{571BA102-226C-4683-8F0C-CC1B16616E2A}.Debug|Any CPU.ActiveCfg = Debug|Any CPU
		{571BA102-226C-4683-8F0C-CC1B16616E2A}.Debug|Any CPU.Build.0 = Debug|Any CPU
		{571BA102-226C-4683-8F0C-CC1B16616E2A}.Release|Any CPU.ActiveCfg = Release|Any CPU
		{571BA102-226C-4683-8F0C-CC1B16616E2A}.Release|Any CPU.Build.0 = Release|Any CPU
	EndGlobalSection
	GlobalSection(SolutionProperties) = preSolution
		HideSolutionNode = FALSE
	EndGlobalSection
	GlobalSection(ExtensibilityGlobals) = postSolution
		SolutionGuid = {35DFDA67-5722-44D8-B551-B2E74783563B}
	EndGlobalSection
EndGlobal
